{
  "name": "bookmarkmanager",
  "version": "1.0.0",
  "lockfileVersion": 3,
  "requires": true,
  "packages": {
    "": {
      "name": "bookmarkmanager",
      "version": "1.0.0",
      "license": "ISC",
      "dependencies": {
        "codejar": "^4.3.0",
        "prismjs": "^1.30.0"
      },
      "devDependencies": {}
    },
    "node_modules/codejar": {
      "version": "4.3.0",
      "resolved": "https://registry.npmjs.org/codejar/-/codejar-4.3.0.tgz",
      "integrity": "sha512-A7BlrtD2oHR4xsABs/lLvDNxiPxkx71SuyHhcilBHbPMASpQs4d1AG2XjDSAm7y40RmfXbSGbMBhllGy//CDOA==",
      "license": "MIT"
    },
    "node_modules/prismjs": {
      "version": "1.30.0",
      "resolved": "https://registry.npmjs.org/prismjs/-/prismjs-1.30.0.tgz",
      "integrity": "sha512-DEvV2ZF2r2/63V+tK8hQvrR2ZGn10srHbXviTlcv7Kpzw8jWiNTqbVgjO3IY8RxrrOUF8VPMQQFysYYYv0YZxw==",
      "license": "MIT",
      "engines": {
        "node": ">=6"
      }
    }
  }
}
